<?xml version="1.0" encoding="utf-8"?>
<Project ToolsVersion="4.0" xmlns="http://schemas.microsoft.com/developer/msbuild/2003">
  <ItemGroup>
    <Filter Include="Исходные файлы">
      <UniqueIdentifier>{4FC737F1-C7A5-4376-A066-2A32D752A2FF}</UniqueIdentifier>
      <Extensions>cpp;c;cc;cxx;c++;cppm;ixx;def;odl;idl;hpj;bat;asm;asmx</Extensions>
    </Filter>
    <Filter Include="Файлы заголовков">
      <UniqueIdentifier>{93995380-89BD-4b04-88EB-625FBE52EBFB}</UniqueIdentifier>
      <Extensions>h;hh;hpp;hxx;h++;hm;inl;inc;ipp;xsd</Extensions>
    </Filter>
    <Filter Include="Файлы ресурсов">
      <UniqueIdentifier>{67DA6AB6-F800-4c08-8B7A-83BB121AAD01}</UniqueIdentifier>
      <Extensions>rc;ico;cur;bmp;dlg;rc2;rct;bin;rgs;gif;jpg;jpeg;jpe;resx;tiff;tif;png;wav;mfcribbon-ms</Extensions>
    </Filter>
    <Filter Include="test_functions">
      <UniqueIdentifier>{aa1ca300-1221-47b2-89f6-df8eae553646}</UniqueIdentifier>
    </Filter>
    <Filter Include="safe_queue">
      <UniqueIdentifier>{8952843d-9f41-446d-a689-f816a8e96163}</UniqueIdentifier>
    </Filter>
    <Filter Include="thread_pull">
      <UniqueIdentifier>{6c291198-3b7c-4764-a2c3-e232fb3dea34}</UniqueIdentifier>
    </Filter>
  </ItemGroup>
  <ItemGroup>
    <ClCompile Include="source\main.cpp">
      <Filter>Исходные файлы</Filter>
    </ClCompile>
    <ClCompile Include="source\thread_pull\thread_pull.cpp">
      <Filter>thread_pull</Filter>
    </ClCompile>
  </ItemGroup>
  <ItemGroup>
    <ClInclude Include="source\test_functions\test_functions.hpp">
      <Filter>test_functions</Filter>
    </ClInclude>
    <ClInclude Include="source\thread_pull\thread_pull.h">
      <Filter>thread_pull</Filter>
    </ClInclude>
    <ClInclude Include="source\safe_queue\safe_queue.hpp">
      <Filter>safe_queue</Filter>
    </ClInclude>
  </ItemGroup>
</Project>